
Microsoft Visual Studio Solution File, Format Version 12.00
# Visual Studio Version 16
VisualStudioVersion = 16.0.30523.141
MinimumVisualStudioVersion = 10.0.40219.1
Project("{9A19103F-16F7-4668-BE54-9A1E7A4F7556}") = "BestStoriesAPI", "BestStoriesAPI\BestStoriesAPI.csproj", "{40320144-40B2-4190-B9C3-4F46A3590E13}"
EndProject
Project("{9A19103F-16F7-4668-BE54-9A1E7A4F7556}") = "Domain", "Domain\Domain.csproj", "{DDA40452-2CDA-4CA1-9BDE-369CC2B2AFC7}"
EndProject
Project("{9A19103F-16F7-4668-BE54-9A1E7A4F7556}") = "Infrastructure", "Infrastructure\Infrastructure.csproj", "{5A75C1CE-DCF5-4E8B-B92A-9A0307EA0EC7}"
EndProject
Project("{FAE04EC0-301F-11D3-BF4B-00C04F79EFBC}") = "Tests", "Tests\Tests.csproj", "{22565482-2346-4021-8FEA-290DB541CE4F}"
EndProject
Global
	GlobalSection(SolutionConfigurationPlatforms) = preSolution
		Debug|Any CPU = Debug|Any CPU
		Release|Any CPU = Release|Any CPU
	EndGlobalSection
	GlobalSection(ProjectConfigurationPlatforms) = postSolution
		{40320144-40B2-4190-B9C3-4F46A3590E13}.Debug|Any CPU.ActiveCfg = Debug|Any CPU
		{40320144-40B2-4190-B9C3-4F46A3590E13}.Debug|Any CPU.Build.0 = Debug|Any CPU
		{40320144-40B2-4190-B9C3-4F46A3590E13}.Release|Any CPU.ActiveCfg = Release|Any CPU
		{40320144-40B2-4190-B9C3-4F46A3590E13}.Release|Any CPU.Build.0 = Release|Any CPU
		{DDA40452-2CDA-4CA1-9BDE-369CC2B2AFC7}.Debug|Any CPU.ActiveCfg = Debug|Any CPU
		{DDA40452-2CDA-4CA1-9BDE-369CC2B2AFC7}.Debug|Any CPU.Build.0 = Debug|Any CPU
		{DDA40452-2CDA-4CA1-9BDE-369CC2B2AFC7}.Release|Any CPU.ActiveCfg = Release|Any CPU
		{DDA40452-2CDA-4CA1-9BDE-369CC2B2AFC7}.Release|Any CPU.Build.0 = Release|Any CPU
		{5A75C1CE-DCF5-4E8B-B92A-9A0307EA0EC7}.Debug|Any CPU.ActiveCfg = Debug|Any CPU
		{5A75C1CE-DCF5-4E8B-B92A-9A0307EA0EC7}.Debug|Any CPU.Build.0 = Debug|Any CPU
		{5A75C1CE-DCF5-4E8B-B92A-9A0307EA0EC7}.Release|Any CPU.ActiveCfg = Release|Any CPU
		{5A75C1CE-DCF5-4E8B-B92A-9A0307EA0EC7}.Release|Any CPU.Build.0 = Release|Any CPU
		{22565482-2346-4021-8FEA-290DB541CE4F}.Debug|Any CPU.ActiveCfg = Debug|Any CPU
		{22565482-2346-4021-8FEA-290DB541CE4F}.Debug|Any CPU.Build.0 = Debug|Any CPU
		{22565482-2346-4021-8FEA-290DB541CE4F}.Release|Any CPU.ActiveCfg = Release|Any CPU
		{22565482-2346-4021-8FEA-290DB541CE4F}.Release|Any CPU.Build.0 = Release|Any CPU
	EndGlobalSection
	GlobalSection(SolutionProperties) = preSolution
		HideSolutionNode = FALSE
	EndGlobalSection
	GlobalSection(ExtensibilityGlobals) = postSolution
		SolutionGuid = {13327691-C426-47A9-ABF3-DEC368C554E1}
	EndGlobalSection
EndGlobal
